
Microsoft Visual Studio Solution File, Format Version 12.00
# Visual Studio 15
VisualStudioVersion = 15.0.28010.2050
MinimumVisualStudioVersion = 10.0.40219.1
Project("{FAE04EC0-301F-11D3-BF4B-00C04F79EFBC}") = "Console", "Console\Console.csproj", "{CCA62E05-B035-49F6-A3B4-ACD21CD562E4}"
EndProject
Project("{FAE04EC0-301F-11D3-BF4B-00C04F79EFBC}") = "Service", "Service\Service.csproj", "{1927B63B-2736-406C-A5E3-BC73EBFD08D9}"
EndProject
Project("{2150E333-8FDC-42A3-9474-1A3956D46DE8}") = "Solution Items", "Solution Items", "{B88A4A53-572A-4604-8760-23E536C4F592}"
	ProjectSection(SolutionItems) = preProject
		README.md = README.md
	EndProjectSection
EndProject
Global
	GlobalSection(SolutionConfigurationPlatforms) = preSolution
		Debug|Any CPU = Debug|Any CPU
		Release|Any CPU = Release|Any CPU
	EndGlobalSection
	GlobalSection(ProjectConfigurationPlatforms) = postSolution
		{CCA62E05-B035-49F6-A3B4-ACD21CD562E4}.Debug|Any CPU.ActiveCfg = Debug|Any CPU
		{CCA62E05-B035-49F6-A3B4-ACD21CD562E4}.Debug|Any CPU.Build.0 = Debug|Any CPU
		{CCA62E05-B035-49F6-A3B4-ACD21CD562E4}.Release|Any CPU.ActiveCfg = Release|Any CPU
		{CCA62E05-B035-49F6-A3B4-ACD21CD562E4}.Release|Any CPU.Build.0 = Release|Any CPU
		{1927B63B-2736-406C-A5E3-BC73EBFD08D9}.Debug|Any CPU.ActiveCfg = Debug|Any CPU
		{1927B63B-2736-406C-A5E3-BC73EBFD08D9}.Debug|Any CPU.Build.0 = Debug|Any CPU
		{1927B63B-2736-406C-A5E3-BC73EBFD08D9}.Release|Any CPU.ActiveCfg = Release|Any CPU
		{1927B63B-2736-406C-A5E3-BC73EBFD08D9}.Release|Any CPU.Build.0 = Release|Any CPU
	EndGlobalSection
	GlobalSection(SolutionProperties) = preSolution
		HideSolutionNode = FALSE
	EndGlobalSection
	GlobalSection(ExtensibilityGlobals) = postSolution
		SolutionGuid = {62D288EA-0D94-4D4E-8EF3-E6953EAFDD9F}
	EndGlobalSection
EndGlobal
